
Microsoft Visual Studio Solution File, Format Version 12.00
# Visual Studio Version 17
VisualStudioVersion = 17.9.34701.34
MinimumVisualStudioVersion = 10.0.40219.1
Project("{9A19103F-16F7-4668-BE54-9A1E7A4F7556}") = "W3Schools", "W3Schools\W3Schools.csproj", "{EB7B2F0E-88BB-442A-B043-5660EB9B5028}"
EndProject
Project("{FAE04EC0-301F-11D3-BF4B-00C04F79EFBC}") = "W3SchoolsTests2", "W3SchoolsTests2\W3SchoolsTests2.csproj", "{2FE5E2C4-387D-40C4-A0CD-C0AC9F16EB97}"
EndProject
Global
	GlobalSection(SolutionConfigurationPlatforms) = preSolution
		Debug|Any CPU = Debug|Any CPU
		Release|Any CPU = Release|Any CPU
	EndGlobalSection
	GlobalSection(ProjectConfigurationPlatforms) = postSolution
		{EB7B2F0E-88BB-442A-B043-5660EB9B5028}.Debug|Any CPU.ActiveCfg = Debug|Any CPU
		{EB7B2F0E-88BB-442A-B043-5660EB9B5028}.Debug|Any CPU.Build.0 = Debug|Any CPU
		{EB7B2F0E-88BB-442A-B043-5660EB9B5028}.Release|Any CPU.ActiveCfg = Release|Any CPU
		{EB7B2F0E-88BB-442A-B043-5660EB9B5028}.Release|Any CPU.Build.0 = Release|Any CPU
		{2FE5E2C4-387D-40C4-A0CD-C0AC9F16EB97}.Debug|Any CPU.ActiveCfg = Debug|Any CPU
		{2FE5E2C4-387D-40C4-A0CD-C0AC9F16EB97}.Debug|Any CPU.Build.0 = Debug|Any CPU
		{2FE5E2C4-387D-40C4-A0CD-C0AC9F16EB97}.Release|Any CPU.ActiveCfg = Release|Any CPU
		{2FE5E2C4-387D-40C4-A0CD-C0AC9F16EB97}.Release|Any CPU.Build.0 = Release|Any CPU
	EndGlobalSection
	GlobalSection(SolutionProperties) = preSolution
		HideSolutionNode = FALSE
	EndGlobalSection
	GlobalSection(ExtensibilityGlobals) = postSolution
		SolutionGuid = {A08FFE2D-0536-4EB8-9574-535F6C01DE2E}
	EndGlobalSection
EndGlobal
